
Microsoft Visual Studio Solution File, Format Version 12.00
# Visual Studio Version 17
VisualStudioVersion = 17.7.34031.279
MinimumVisualStudioVersion = 10.0.40219.1
Project("{FAE04EC0-301F-11D3-BF4B-00C04F79EFBC}") = "lecture7TB_Labels_Buttons_RTB", "lecture7TB_Labels_Buttons_RTB.csproj", "{C5817E1B-72D6-4D9A-A872-E49F9F994806}"
EndProject
Global
	GlobalSection(SolutionConfigurationPlatforms) = preSolution
		Debug|Any CPU = Debug|Any CPU
		Release|Any CPU = Release|Any CPU
	EndGlobalSection
	GlobalSection(ProjectConfigurationPlatforms) = postSolution
		{C5817E1B-72D6-4D9A-A872-E49F9F994806}.Debug|Any CPU.ActiveCfg = Debug|Any CPU
		{C5817E1B-72D6-4D9A-A872-E49F9F994806}.Debug|Any CPU.Build.0 = Debug|Any CPU
		{C5817E1B-72D6-4D9A-A872-E49F9F994806}.Release|Any CPU.ActiveCfg = Release|Any CPU
		{C5817E1B-72D6-4D9A-A872-E49F9F994806}.Release|Any CPU.Build.0 = Release|Any CPU
	EndGlobalSection
	GlobalSection(SolutionProperties) = preSolution
		HideSolutionNode = FALSE
	EndGlobalSection
	GlobalSection(ExtensibilityGlobals) = postSolution
		SolutionGuid = {62419418-84EC-4746-865B-048F58AFF6DA}
	EndGlobalSection
EndGlobal
